
Microsoft Visual Studio Solution File, Format Version 12.00
# Visual Studio Version 16
VisualStudioVersion = 16.0.29721.120
MinimumVisualStudioVersion = 10.0.40219.1
Project("{FAE04EC0-301F-11D3-BF4B-00C04F79EFBC}") = "WebAPI", "WebAPI\WebAPI.csproj", "{102C36D6-BDA6-460D-B699-D9024F6E4ECB}"
EndProject
Global
	GlobalSection(SolutionConfigurationPlatforms) = preSolution
		Debug|Any CPU = Debug|Any CPU
		Release|Any CPU = Release|Any CPU
	EndGlobalSection
	GlobalSection(ProjectConfigurationPlatforms) = postSolution
		{102C36D6-BDA6-460D-B699-D9024F6E4ECB}.Debug|Any CPU.ActiveCfg = Debug|Any CPU
		{102C36D6-BDA6-460D-B699-D9024F6E4ECB}.Debug|Any CPU.Build.0 = Debug|Any CPU
		{102C36D6-BDA6-460D-B699-D9024F6E4ECB}.Release|Any CPU.ActiveCfg = Release|Any CPU
		{102C36D6-BDA6-460D-B699-D9024F6E4ECB}.Release|Any CPU.Build.0 = Release|Any CPU
	EndGlobalSection
	GlobalSection(SolutionProperties) = preSolution
		HideSolutionNode = FALSE
	EndGlobalSection
	GlobalSection(ExtensibilityGlobals) = postSolution
		SolutionGuid = {589EE902-C5B5-4C56-81E6-8C253B4DC0DA}
	EndGlobalSection
EndGlobal
